
Microsoft Visual Studio Solution File, Format Version 12.00
# Visual Studio Version 17
VisualStudioVersion = 17.5.33516.290
MinimumVisualStudioVersion = 10.0.40219.1
Project("{F184B08F-C81C-45F6-A57F-5ABD9991F28F}") = "SlidelyFormApp2", "SlidelyFormApp2\SlidelyFormApp2.vbproj", "{F5D26C6D-1C45-4CE9-9237-9EB2580D5B70}"
EndProject
Global
	GlobalSection(SolutionConfigurationPlatforms) = preSolution
		Debug|Any CPU = Debug|Any CPU
		Release|Any CPU = Release|Any CPU
	EndGlobalSection
	GlobalSection(ProjectConfigurationPlatforms) = postSolution
		{F5D26C6D-1C45-4CE9-9237-9EB2580D5B70}.Debug|Any CPU.ActiveCfg = Debug|Any CPU
		{F5D26C6D-1C45-4CE9-9237-9EB2580D5B70}.Debug|Any CPU.Build.0 = Debug|Any CPU
		{F5D26C6D-1C45-4CE9-9237-9EB2580D5B70}.Release|Any CPU.ActiveCfg = Release|Any CPU
		{F5D26C6D-1C45-4CE9-9237-9EB2580D5B70}.Release|Any CPU.Build.0 = Release|Any CPU
	EndGlobalSection
	GlobalSection(SolutionProperties) = preSolution
		HideSolutionNode = FALSE
	EndGlobalSection
	GlobalSection(ExtensibilityGlobals) = postSolution
		SolutionGuid = {DC094402-C0E7-4715-8697-1B13DF214675}
	EndGlobalSection
EndGlobal
